
Microsoft Visual Studio Solution File, Format Version 12.00
# Visual Studio Version 17
VisualStudioVersion = 17.7.34031.279
MinimumVisualStudioVersion = 10.0.40219.1
Project("{F184B08F-C81C-45F6-A57F-5ABD9991F28F}") = "Tarea2", "Tarea2\Tarea2.vbproj", "{E1174EE4-915E-4988-80D8-B19732F4EDC7}"
EndProject
Global
	GlobalSection(SolutionConfigurationPlatforms) = preSolution
		Debug|Any CPU = Debug|Any CPU
		Release|Any CPU = Release|Any CPU
	EndGlobalSection
	GlobalSection(ProjectConfigurationPlatforms) = postSolution
		{E1174EE4-915E-4988-80D8-B19732F4EDC7}.Debug|Any CPU.ActiveCfg = Debug|Any CPU
		{E1174EE4-915E-4988-80D8-B19732F4EDC7}.Debug|Any CPU.Build.0 = Debug|Any CPU
		{E1174EE4-915E-4988-80D8-B19732F4EDC7}.Release|Any CPU.ActiveCfg = Release|Any CPU
		{E1174EE4-915E-4988-80D8-B19732F4EDC7}.Release|Any CPU.Build.0 = Release|Any CPU
	EndGlobalSection
	GlobalSection(SolutionProperties) = preSolution
		HideSolutionNode = FALSE
	EndGlobalSection
	GlobalSection(ExtensibilityGlobals) = postSolution
		SolutionGuid = {DC88CC66-037D-45F6-AC05-5E54FCFA6EFC}
	EndGlobalSection
EndGlobal
